{
  "originHash" : "9823a21491532b7d1b214a87fd7bb4a64dc5fba6b018784333bc5a14ae51c832",
  "pins" : [
    {
      "identity" : "alamofire",
      "kind" : "remoteSourceControl",
      "location" : "https://github.com/Alamofire/Alamofire.git",
      "state" : {
        "revision" : "513364f870f6bfc468f9d2ff0a95caccc10044c5",
        "version" : "5.10.2"
      }
    },
    {
      "identity" : "cachemanagerwithoutkeychain",
      "kind" : "remoteSourceControl",
      "location" : "https://github.com/Alexandr-Ivantsov/CacheManagerWithoutKeychain.git",
      "state" : {
        "revision" : "0adb594c7c613ae6ddde87e81d8d1561b97138f6",
        "version" : "1.0.2"
      }
    },
    {
      "identity" : "cryptoswift",
      "kind" : "remoteSourceControl",
      "location" : "https://github.com/krzyzanowskim/CryptoSwift.git",
      "state" : {
        "revision" : "132f5b209cd0251067f29cdb59c97d9f8a63252a",
        "version" : "1.8.5"
      }
    },
    {
      "identity" : "factory",
      "kind" : "remoteSourceControl",
      "location" : "https://github.com/hmlongco/Factory.git",
      "state" : {
        "revision" : "ccc898f21992ebc130bc04cc197460a5ae230bcf",
        "version" : "2.5.3"
      }
    },
    {
      "identity" : "moya",
      "kind" : "remoteSourceControl",
      "location" : "https://github.com/Moya/Moya.git",
      "state" : {
        "revision" : "c263811c1f3dbf002be9bd83107f7cdc38992b26",
        "version" : "15.0.3"
      }
    },
    {
      "identity" : "reactiveswift",
      "kind" : "remoteSourceControl",
      "location" : "https://github.com/ReactiveCocoa/ReactiveSwift.git",
      "state" : {
        "revision" : "c43bae3dac73fdd3cb906bd5a1914686ca71ed3c",
        "version" : "6.7.0"
      }
    },
    {
      "identity" : "router",
      "kind" : "remoteSourceControl",
      "location" : "https://github.com/Alexandr-Ivantsov/Router.git",
      "state" : {
        "revision" : "7a52539f09e3a6072161a5fe316127296a4caa70",
        "version" : "1.0.1"
      }
    },
    {
      "identity" : "rxswift",
      "kind" : "remoteSourceControl",
      "location" : "https://github.com/ReactiveX/RxSwift.git",
      "state" : {
        "revision" : "5dd1907d64f0d36f158f61a466bab75067224893",
        "version" : "6.9.0"
      }
    },
    {
      "identity" : "stevia",
      "kind" : "remoteSourceControl",
      "location" : "https://github.com/freshOS/Stevia.git",
      "state" : {
        "revision" : "a925d9b0087536c4ece110109c7815c988516135",
        "version" : "6.2.0"
      }
    }
  ],
  "version" : 3
}
